// !$*UTF8*$!
{
	archiveVersion = 1;
	classes = {
	};
	objectVersion = 48;
	objects = {

/* Begin PBXBuildFile section */
		615549711FB6AB2400614737 /* AppDelegate.swift in Sources */ = {isa = PBXBuildFile; fileRef = 615549701FB6AB2400614737 /* AppDelegate.swift */; };
		615549731FB6AB2400614737 /* ViewController.swift in Sources */ = {isa = PBXBuildFile; fileRef = 615549721FB6AB2400614737 /* ViewController.swift */; };
		615549761FB6AB2400614737 /* Main.storyboard in Resources */ = {isa = PBXBuildFile; fileRef = 615549741FB6AB2400614737 /* Main.storyboard */; };
		615549781FB6AB2400614737 /* Assets.xcassets in Resources */ = {isa = PBXBuildFile; fileRef = 615549771FB6AB2400614737 /* Assets.xcassets */; };
		6155497B1FB6AB2400614737 /* LaunchScreen.storyboard in Resources */ = {isa = PBXBuildFile; fileRef = 615549791FB6AB2400614737 /* LaunchScreen.storyboard */; };
		615549861FB6AB2400614737 /* spriteKit_harumakiTests.swift in Sources */ = {isa = PBXBuildFile; fileRef = 615549851FB6AB2400614737 /* spriteKit_harumakiTests.swift */; };
		615549911FB6AB2400614737 /* spriteKit_harumakiUITests.swift in Sources */ = {isa = PBXBuildFile; fileRef = 615549901FB6AB2400614737 /* spriteKit_harumakiUITests.swift */; };
		6155499F1FB6ACCF00614737 /* HMScene.swift in Sources */ = {isa = PBXBuildFile; fileRef = 6155499E1FB6ACCF00614737 /* HMScene.swift */; };
/* End PBXBuildFile section */

/* Begin PBXContainerItemProxy section */
		615549821FB6AB2400614737 /* PBXContainerItemProxy */ = {
			isa = PBXContainerItemProxy;
			containerPortal = 615549651FB6AB2400614737 /* Project object */;
			proxyType = 1;
			remoteGlobalIDString = 6155496C1FB6AB2400614737;
			remoteInfo = spriteKit_harumaki;
		};
		6155498D1FB6AB2400614737 /* PBXContainerItemProxy */ = {
			isa = PBXContainerItemProxy;
			containerPortal = 615549651FB6AB2400614737 /* Project object */;
			proxyType = 1;
			remoteGlobalIDString = 6155496C1FB6AB2400614737;
			remoteInfo = spriteKit_harumaki;
		};
/* End PBXContainerItemProxy section */

/* Begin PBXFileReference section */
		6155496D1FB6AB2400614737 /* spriteKit_harumaki.app */ = {isa = PBXFileReference; explicitFileType = wrapper.application; includeInIndex = 0; path = spriteKit_harumaki.app; sourceTree = BUILT_PRODUCTS_DIR; };
		615549701FB6AB2400614737 /* AppDelegate.swift */ = {isa = PBXFileReference; lastKnownFileType = sourcecode.swift; path = AppDelegate.swift; sourceTree = "<group>"; };
		615549721FB6AB2400614737 /* ViewController.swift */ = {isa = PBXFileReference; lastKnownFileType = sourcecode.swift; path = ViewController.swift; sourceTree = "<group>"; };
		615549751FB6AB2400614737 /* Base */ = {isa = PBXFileReference; lastKnownFileType = file.storyboard; name = Base; path = Base.lproj/Main.storyboard; sourceTree = "<group>"; };
		615549771FB6AB2400614737 /* Assets.xcassets */ = {isa = PBXFileReference; lastKnownFileType = folder.assetcatalog; path = Assets.xcassets; sourceTree = "<group>"; };
		6155497A1FB6AB2400614737 /* Base */ = {isa = PBXFileReference; lastKnownFileType = file.storyboard; name = Base; path = Base.lproj/LaunchScreen.storyboard; sourceTree = "<group>"; };
		6155497C1FB6AB2400614737 /* Info.plist */ = {isa = PBXFileReference; lastKnownFileType = text.plist.xml; path = Info.plist; sourceTree = "<group>"; };
		615549811FB6AB2400614737 /* spriteKit_harumakiTests.xctest */ = {isa = PBXFileReference; explicitFileType = wrapper.cfbundle; includeInIndex = 0; path = spriteKit_harumakiTests.xctest; sourceTree = BUILT_PRODUCTS_DIR; };
		615549851FB6AB2400614737 /* spriteKit_harumakiTests.swift */ = {isa = PBXFileReference; lastKnownFileType = sourcecode.swift; path = spriteKit_harumakiTests.swift; sourceTree = "<group>"; };
		615549871FB6AB2400614737 /* Info.plist */ = {isa = PBXFileReference; lastKnownFileType = text.plist.xml; path = Info.plist; sourceTree = "<group>"; };
		6155498C1FB6AB2400614737 /* spriteKit_harumakiUITests.xctest */ = {isa = PBXFileReference; explicitFileType = wrapper.cfbundle; includeInIndex = 0; path = spriteKit_harumakiUITests.xctest; sourceTree = BUILT_PRODUCTS_DIR; };
		615549901FB6AB2400614737 /* spriteKit_harumakiUITests.swift */ = {isa = PBXFileReference; lastKnownFileType = sourcecode.swift; path = spriteKit_harumakiUITests.swift; sourceTree = "<group>"; };
		615549921FB6AB2400614737 /* Info.plist */ = {isa = PBXFileReference; lastKnownFileType = text.plist.xml; path = Info.plist; sourceTree = "<group>"; };
		6155499E1FB6ACCF00614737 /* HMScene.swift */ = {isa = PBXFileReference; lastKnownFileType = sourcecode.swift; path = HMScene.swift; sourceTree = "<group>"; };
		615549A01FB6AEB400614737 /* 0.png */ = {isa = PBXFileReference; lastKnownFileType = image.png; path = 0.png; sourceTree = "<group>"; };
		615549A11FB6B03C00614737 /* 1.png */ = {isa = PBXFileReference; lastKnownFileType = image.png; path = 1.png; sourceTree = "<group>"; };
/* End PBXFileReference section */

/* Begin PBXFrameworksBuildPhase section */
		6155496A1FB6AB2400614737 /* Frameworks */ = {
			isa = PBXFrameworksBuildPhase;
			buildActionMask = 2147483647;
			files = (
			);
			runOnlyForDeploymentPostprocessing = 0;
		};
		6155497E1FB6AB2400614737 /* Frameworks */ = {
			isa = PBXFrameworksBuildPhase;
			buildActionMask = 2147483647;
			files = (
			);
			runOnlyForDeploymentPostprocessing = 0;
		};
		615549891FB6AB2400614737 /* Frameworks */ = {
			isa = PBXFrameworksBuildPhase;
			buildActionMask = 2147483647;
			files = (
			);
			runOnlyForDeploymentPostprocessing = 0;
		};
/* End PBXFrameworksBuildPhase section */

/* Begin PBXGroup section */
		615549641FB6AB2400614737 = {
			isa = PBXGroup;
			children = (
				6155496F1FB6AB2400614737 /* spriteKit_harumaki */,
				615549841FB6AB2400614737 /* spriteKit_harumakiTests */,
				6155498F1FB6AB2400614737 /* spriteKit_harumakiUITests */,
				6155496E1FB6AB2400614737 /* Products */,
			);
			sourceTree = "<group>";
		};
		6155496E1FB6AB2400614737 /* Products */ = {
			isa = PBXGroup;
			children = (
				6155496D1FB6AB2400614737 /* spriteKit_harumaki.app */,
				615549811FB6AB2400614737 /* spriteKit_harumakiTests.xctest */,
				6155498C1FB6AB2400614737 /* spriteKit_harumakiUITests.xctest */,
			);
			name = Products;
			sourceTree = "<group>";
		};
		6155496F1FB6AB2400614737 /* spriteKit_harumaki */ = {
			isa = PBXGroup;
			children = (
				615549A01FB6AEB400614737 /* 0.png */,
				615549A11FB6B03C00614737 /* 1.png */,
				615549701FB6AB2400614737 /* AppDelegate.swift */,
				615549721FB6AB2400614737 /* ViewController.swift */,
				6155499E1FB6ACCF00614737 /* HMScene.swift */,
				615549741FB6AB2400614737 /* Main.storyboard */,
				615549771FB6AB2400614737 /* Assets.xcassets */,
				615549791FB6AB2400614737 /* LaunchScreen.storyboard */,
				6155497C1FB6AB2400614737 /* Info.plist */,
			);
			path = spriteKit_harumaki;
			sourceTree = "<group>";
		};
		615549841FB6AB2400614737 /* spriteKit_harumakiTests */ = {
			isa = PBXGroup;
			children = (
				615549851FB6AB2400614737 /* spriteKit_harumakiTests.swift */,
				615549871FB6AB2400614737 /* Info.plist */,
			);
			path = spriteKit_harumakiTests;
			sourceTree = "<group>";
		};
		6155498F1FB6AB2400614737 /* spriteKit_harumakiUITests */ = {
			isa = PBXGroup;
			children = (
				615549901FB6AB2400614737 /* spriteKit_harumakiUITests.swift */,
				615549921FB6AB2400614737 /* Info.plist */,
			);
			path = spriteKit_harumakiUITests;
			sourceTree = "<group>";
		};
/* End PBXGroup section */

/* Begin PBXNativeTarget section */
		6155496C1FB6AB2400614737 /* spriteKit_harumaki */ = {
			isa = PBXNativeTarget;
			buildConfigurationList = 615549951FB6AB2400614737 /* Build configuration list for PBXNativeTarget "spriteKit_harumaki" */;
			buildPhases = (
				615549691FB6AB2400614737 /* Sources */,
				6155496A1FB6AB2400614737 /* Frameworks */,
				6155496B1FB6AB2400614737 /* Resources */,
			);
			buildRules = (
			);
			dependencies = (
			);
			name = spriteKit_harumaki;
			productName = spriteKit_harumaki;
			productReference = 6155496D1FB6AB2400614737 /* spriteKit_harumaki.app */;
			productType = "com.apple.product-type.application";
		};
		615549801FB6AB2400614737 /* spriteKit_harumakiTests */ = {
			isa = PBXNativeTarget;
			buildConfigurationList = 615549981FB6AB2400614737 /* Build configuration list for PBXNativeTarget "spriteKit_harumakiTests" */;
			buildPhases = (
				6155497D1FB6AB2400614737 /* Sources */,
				6155497E1FB6AB2400614737 /* Frameworks */,
				6155497F1FB6AB2400614737 /* Resources */,
			);
			buildRules = (
			);
			dependencies = (
				615549831FB6AB2400614737 /* PBXTargetDependency */,
			);
			name = spriteKit_harumakiTests;
			productName = spriteKit_harumakiTests;
			productReference = 615549811FB6AB2400614737 /* spriteKit_harumakiTests.xctest */;
			productType = "com.apple.product-type.bundle.unit-test";
		};
		6155498B1FB6AB2400614737 /* spriteKit_harumakiUITests */ = {
			isa = PBXNativeTarget;
			buildConfigurationList = 6155499B1FB6AB2400614737 /* Build configuration list for PBXNativeTarget "spriteKit_harumakiUITests" */;
			buildPhases = (
				615549881FB6AB2400614737 /* Sources */,
				615549891FB6AB2400614737 /* Frameworks */,
				6155498A1FB6AB2400614737 /* Resources */,
			);
			buildRules = (
			);
			dependencies = (
				6155498E1FB6AB2400614737 /* PBXTargetDependency */,
			);
			name = spriteKit_harumakiUITests;
			productName = spriteKit_harumakiUITests;
			productReference = 6155498C1FB6AB2400614737 /* spriteKit_harumakiUITests.xctest */;
			productType = "com.apple.product-type.bundle.ui-testing";
		};
/* End PBXNativeTarget section */

/* Begin PBXProject section */
		615549651FB6AB2400614737 /* Project object */ = {
			isa = PBXProject;
			attributes = {
				LastSwiftUpdateCheck = 0900;
				LastUpgradeCheck = 0900;
				ORGANIZATIONNAME = "Yuki Takei";
				TargetAttributes = {
					6155496C1FB6AB2400614737 = {
						CreatedOnToolsVersion = 9.0;
						ProvisioningStyle = Automatic;
					};
					615549801FB6AB2400614737 = {
						CreatedOnToolsVersion = 9.0;
						ProvisioningStyle = Automatic;
						TestTargetID = 6155496C1FB6AB2400614737;
					};
					6155498B1FB6AB2400614737 = {
						CreatedOnToolsVersion = 9.0;
						ProvisioningStyle = Automatic;
						TestTargetID = 6155496C1FB6AB2400614737;
					};
				};
			};
			buildConfigurationList = 615549681FB6AB2400614737 /* Build configuration list for PBXProject "spriteKit_harumaki" */;
			compatibilityVersion = "Xcode 8.0";
			developmentRegion = en;
			hasScannedForEncodings = 0;
			knownRegions = (
				en,
				Base,
			);
			mainGroup = 615549641FB6AB2400614737;
			productRefGroup = 6155496E1FB6AB2400614737 /* Products */;
			projectDirPath = "";
			projectRoot = "";
			targets = (
				6155496C1FB6AB2400614737 /* spriteKit_harumaki */,
				615549801FB6AB2400614737 /* spriteKit_harumakiTests */,
				6155498B1FB6AB2400614737 /* spriteKit_harumakiUITests */,
			);
		};
/* End PBXProject section */

/* Begin PBXResourcesBuildPhase section */
		6155496B1FB6AB2400614737 /* Resources */ = {
			isa = PBXResourcesBuildPhase;
			buildActionMask = 2147483647;
			files = (
				6155497B1FB6AB2400614737 /* LaunchScreen.storyboard in Resources */,
				615549781FB6AB2400614737 /* Assets.xcassets in Resources */,
				615549761FB6AB2400614737 /* Main.storyboard in Resources */,
			);
			runOnlyForDeploymentPostprocessing = 0;
		};
		6155497F1FB6AB2400614737 /* Resources */ = {
			isa = PBXResourcesBuildPhase;
			buildActionMask = 2147483647;
			files = (
			);
			runOnlyForDeploymentPostprocessing = 0;
		};
		6155498A1FB6AB2400614737 /* Resources */ = {
			isa = PBXResourcesBuildPhase;
			buildActionMask = 2147483647;
			files = (
			);
			runOnlyForDeploymentPostprocessing = 0;
		};
/* End PBXResourcesBuildPhase section */

/* Begin PBXSourcesBuildPhase section */
		615549691FB6AB2400614737 /* Sources */ = {
			isa = PBXSourcesBuildPhase;
			buildActionMask = 2147483647;
			files = (
				615549731FB6AB2400614737 /* ViewController.swift in Sources */,
				6155499F1FB6ACCF00614737 /* HMScene.swift in Sources */,
				615549711FB6AB2400614737 /* AppDelegate.swift in Sources */,
			);
			runOnlyForDeploymentPostprocessing = 0;
		};
		6155497D1FB6AB2400614737 /* Sources */ = {
			isa = PBXSourcesBuildPhase;
			buildActionMask = 2147483647;
			files = (
				615549861FB6AB2400614737 /* spriteKit_harumakiTests.swift in Sources */,
			);
			runOnlyForDeploymentPostprocessing = 0;
		};
		615549881FB6AB2400614737 /* Sources */ = {
			isa = PBXSourcesBuildPhase;
			buildActionMask = 2147483647;
			files = (
				615549911FB6AB2400614737 /* spriteKit_harumakiUITests.swift in Sources */,
			);
			runOnlyForDeploymentPostprocessing = 0;
		};
/* End PBXSourcesBuildPhase section */

/* Begin PBXTargetDependency section */
		615549831FB6AB2400614737 /* PBXTargetDependency */ = {
			isa = PBXTargetDependency;
			target = 6155496C1FB6AB2400614737 /* spriteKit_harumaki */;
			targetProxy = 615549821FB6AB2400614737 /* PBXContainerItemProxy */;
		};
		6155498E1FB6AB2400614737 /* PBXTargetDependency */ = {
			isa = PBXTargetDependency;
			target = 6155496C1FB6AB2400614737 /* spriteKit_harumaki */;
			targetProxy = 6155498D1FB6AB2400614737 /* PBXContainerItemProxy */;
		};
/* End PBXTargetDependency section */

/* Begin PBXVariantGroup section */
		615549741FB6AB2400614737 /* Main.storyboard */ = {
			isa = PBXVariantGroup;
			children = (
				615549751FB6AB2400614737 /* Base */,
			);
			name = Main.storyboard;
			sourceTree = "<group>";
		};
		615549791FB6AB2400614737 /* LaunchScreen.storyboard */ = {
			isa = PBXVariantGroup;
			children = (
				6155497A1FB6AB2400614737 /* Base */,
			);
			name = LaunchScreen.storyboard;
			sourceTree = "<group>";
		};
/* End PBXVariantGroup section */

/* Begin XCBuildConfiguration section */
		615549931FB6AB2400614737 /* Debug */ = {
			isa = XCBuildConfiguration;
			buildSettings = {
				ALWAYS_SEARCH_USER_PATHS = NO;
				CLANG_ANALYZER_NONNULL = YES;
				CLANG_ANALYZER_NUMBER_OBJECT_CONVERSION = YES_AGGRESSIVE;
				CLANG_CXX_LANGUAGE_STANDARD = "gnu++14";
				CLANG_CXX_LIBRARY = "libc++";
				CLANG_ENABLE_MODULES = YES;
				CLANG_ENABLE_OBJC_ARC = YES;
				CLANG_WARN_BLOCK_CAPTURE_AUTORELEASING = YES;
				CLANG_WARN_BOOL_CONVERSION = YES;
				CLANG_WARN_COMMA = YES;
				CLANG_WARN_CONSTANT_CONVERSION = YES;
				CLANG_WARN_DIRECT_OBJC_ISA_USAGE = YES_ERROR;
				CLANG_WARN_DOCUMENTATION_COMMENTS = YES;
				CLANG_WARN_EMPTY_BODY = YES;
				CLANG_WARN_ENUM_CONVERSION = YES;
				CLANG_WARN_INFINITE_RECURSION = YES;
				CLANG_WARN_INT_CONVERSION = YES;
				CLANG_WARN_NON_LITERAL_NULL_CONVERSION = YES;
				CLANG_WARN_OBJC_LITERAL_CONVERSION = YES;
				CLANG_WARN_OBJC_ROOT_CLASS = YES_ERROR;
				CLANG_WARN_RANGE_LOOP_ANALYSIS = YES;
				CLANG_WARN_STRICT_PROTOTYPES = YES;
				CLANG_WARN_SUSPICIOUS_MOVE = YES;
				CLANG_WARN_UNGUARDED_AVAILABILITY = YES_AGGRESSIVE;
				CLANG_WARN_UNREACHABLE_CODE = YES;
				CLANG_WARN__DUPLICATE_METHOD_MATCH = YES;
				CODE_SIGN_IDENTITY = "iPhone Developer";
				COPY_PHASE_STRIP = NO;
				DEBUG_INFORMATION_FORMAT = dwarf;
				ENABLE_STRICT_OBJC_MSGSEND = YES;
				ENABLE_TESTABILITY = YES;
				GCC_C_LANGUAGE_STANDARD = gnu11;
				GCC_DYNAMIC_NO_PIC = NO;
				GCC_NO_COMMON_BLOCKS = YES;
				GCC_OPTIMIZATION_LEVEL = 0;
				GCC_PREPROCESSOR_DEFINITIONS = (
					"DEBUG=1",
					"$(inherited)",
				);
				GCC_WARN_64_TO_32_BIT_CONVERSION = YES;
				GCC_WARN_ABOUT_RETURN_TYPE = YES_ERROR;
				GCC_WARN_UNDECLARED_SELECTOR = YES;
				GCC_WARN_UNINITIALIZED_AUTOS = YES_AGGRESSIVE;
				GCC_WARN_UNUSED_FUNCTION = YES;
				GCC_WARN_UNUSED_VARIABLE = YES;
				IPHONEOS_DEPLOYMENT_TARGET = 11.0;
				MTL_ENABLE_DEBUG_INFO = YES;
				ONLY_ACTIVE_ARCH = YES;
				SDKROOT = iphoneos;
				SWIFT_ACTIVE_COMPILATION_CONDITIONS = DEBUG;
				SWIFT_OPTIMIZATION_LEVEL = "-Onone";
			};
			name = Debug;
		};
		615549941FB6AB2400614737 /* Release */ = {
			isa = XCBuildConfiguration;
			buildSettings = {
				ALWAYS_SEARCH_USER_PATHS = NO;
				CLANG_ANALYZER_NONNULL = YES;
				CLANG_ANALYZER_NUMBER_OBJECT_CONVERSION = YES_AGGRESSIVE;
				CLANG_CXX_LANGUAGE_STANDARD = "gnu++14";
				CLANG_CXX_LIBRARY = "libc++";
				CLANG_ENABLE_MODULES = YES;
				CLANG_ENABLE_OBJC_ARC = YES;
				CLANG_WARN_BLOCK_CAPTURE_AUTORELEASING = YES;
				CLANG_WARN_BOOL_CONVERSION = YES;
				CLANG_WARN_COMMA = YES;
				CLANG_WARN_CONSTANT_CONVERSION = YES;
				CLANG_WARN_DIRECT_OBJC_ISA_USAGE = YES_ERROR;
				CLANG_WARN_DOCUMENTATION_COMMENTS = YES;
				CLANG_WARN_EMPTY_BODY = YES;
				CLANG_WARN_ENUM_CONVERSION = YES;
				CLANG_WARN_INFINITE_RECURSION = YES;
				CLANG_WARN_INT_CONVERSION = YES;
				CLANG_WARN_NON_LITERAL_NULL_CONVERSION = YES;
				CLANG_WARN_OBJC_LITERAL_CONVERSION = YES;
				CLANG_WARN_OBJC_ROOT_CLASS = YES_ERROR;
				CLANG_WARN_RANGE_LOOP_ANALYSIS = YES;
				CLANG_WARN_STRICT_PROTOTYPES = YES;
				CLANG_WARN_SUSPICIOUS_MOVE = YES;
				CLANG_WARN_UNGUARDED_AVAILABILITY = YES_AGGRESSIVE;
				CLANG_WARN_UNREACHABLE_CODE = YES;
				CLANG_WARN__DUPLICATE_METHOD_MATCH = YES;
				CODE_SIGN_IDENTITY = "iPhone Developer";
				COPY_PHASE_STRIP = NO;
				DEBUG_INFORMATION_FORMAT = "dwarf-with-dsym";
				ENABLE_NS_ASSERTIONS = NO;
				ENABLE_STRICT_OBJC_MSGSEND = YES;
				GCC_C_LANGUAGE_STANDARD = gnu11;
				GCC_NO_COMMON_BLOCKS = YES;
				GCC_WARN_64_TO_32_BIT_CONVERSION = YES;
				GCC_WARN_ABOUT_RETURN_TYPE = YES_ERROR;
				GCC_WARN_UNDECLARED_SELECTOR = YES;
				GCC_WARN_UNINITIALIZED_AUTOS = YES_AGGRESSIVE;
				GCC_WARN_UNUSED_FUNCTION = YES;
				GCC_WARN_UNUSED_VARIABLE = YES;
				IPHONEOS_DEPLOYMENT_TARGET = 11.0;
				MTL_ENABLE_DEBUG_INFO = NO;
				SDKROOT = iphoneos;
				SWIFT_OPTIMIZATION_LEVEL = "-Owholemodule";
				VALIDATE_PRODUCT = YES;
			};
			name = Release;
		};
		615549961FB6AB2400614737 /* Debug */ = {
			isa = XCBuildConfiguration;
			buildSettings = {
				ASSETCATALOG_COMPILER_APPICON_NAME = AppIcon;
				CODE_SIGN_STYLE = Automatic;
				DEVELOPMENT_TEAM = L658J8KRQ5;
				INFOPLIST_FILE = spriteKit_harumaki/Info.plist;
				LD_RUNPATH_SEARCH_PATHS = "$(inherited) @executable_path/Frameworks";
				PRODUCT_BUNDLE_IDENTIFIER = "nokonoko.spriteKit-harumaki";
				PRODUCT_NAME = "$(TARGET_NAME)";
				SWIFT_VERSION = 4.0;
				TARGETED_DEVICE_FAMILY = "1,2";
			};
			name = Debug;
		};
		615549971FB6AB2400614737 /* Release */ = {
			isa = XCBuildConfiguration;
			buildSettings = {
				ASSETCATALOG_COMPILER_APPICON_NAME = AppIcon;
				CODE_SIGN_STYLE = Automatic;
				DEVELOPMENT_TEAM = L658J8KRQ5;
				INFOPLIST_FILE = spriteKit_harumaki/Info.plist;
				LD_RUNPATH_SEARCH_PATHS = "$(inherited) @executable_path/Frameworks";
				PRODUCT_BUNDLE_IDENTIFIER = "nokonoko.spriteKit-harumaki";
				PRODUCT_NAME = "$(TARGET_NAME)";
				SWIFT_VERSION = 4.0;
				TARGETED_DEVICE_FAMILY = "1,2";
			};
			name = Release;
		};
		615549991FB6AB2400614737 /* Debug */ = {
			isa = XCBuildConfiguration;
			buildSettings = {
				ALWAYS_EMBED_SWIFT_STANDARD_LIBRARIES = YES;
				BUNDLE_LOADER = "$(TEST_HOST)";
				CODE_SIGN_STYLE = Automatic;
				DEVELOPMENT_TEAM = L658J8KRQ5;
				INFOPLIST_FILE = spriteKit_harumakiTests/Info.plist;
				LD_RUNPATH_SEARCH_PATHS = "$(inherited) @executable_path/Frameworks @loader_path/Frameworks";
				PRODUCT_BUNDLE_IDENTIFIER = "nokonoko.spriteKit-harumakiTests";
				PRODUCT_NAME = "$(TARGET_NAME)";
				SWIFT_VERSION = 4.0;
				TARGETED_DEVICE_FAMILY = "1,2";
				TEST_HOST = "$(BUILT_PRODUCTS_DIR)/spriteKit_harumaki.app/spriteKit_harumaki";
			};
			name = Debug;
		};
		6155499A1FB6AB2400614737 /* Release */ = {
			isa = XCBuildConfiguration;
			buildSettings = {
				ALWAYS_EMBED_SWIFT_STANDARD_LIBRARIES = YES;
				BUNDLE_LOADER = "$(TEST_HOST)";
				CODE_SIGN_STYLE = Automatic;
				DEVELOPMENT_TEAM = L658J8KRQ5;
				INFOPLIST_FILE = spriteKit_harumakiTests/Info.plist;
				LD_RUNPATH_SEARCH_PATHS = "$(inherited) @executable_path/Frameworks @loader_path/Frameworks";
				PRODUCT_BUNDLE_IDENTIFIER = "nokonoko.spriteKit-harumakiTests";
				PRODUCT_NAME = "$(TARGET_NAME)";
				SWIFT_VERSION = 4.0;
				TARGETED_DEVICE_FAMILY = "1,2";
				TEST_HOST = "$(BUILT_PRODUCTS_DIR)/spriteKit_harumaki.app/spriteKit_harumaki";
			};
			name = Release;
		};
		6155499C1FB6AB2400614737 /* Debug */ = {
			isa = XCBuildConfiguration;
			buildSettings = {
				ALWAYS_EMBED_SWIFT_STANDARD_LIBRARIES = YES;
				CODE_SIGN_STYLE = Automatic;
				DEVELOPMENT_TEAM = L658J8KRQ5;
				INFOPLIST_FILE = spriteKit_harumakiUITests/Info.plist;
				LD_RUNPATH_SEARCH_PATHS = "$(inherited) @executable_path/Frameworks @loader_path/Frameworks";
				PRODUCT_BUNDLE_IDENTIFIER = "nokonoko.spriteKit-harumakiUITests";
				PRODUCT_NAME = "$(TARGET_NAME)";
				SWIFT_VERSION = 4.0;
				TARGETED_DEVICE_FAMILY = "1,2";
				TEST_TARGET_NAME = spriteKit_harumaki;
			};
			name = Debug;
		};
		6155499D1FB6AB2400614737 /* Release */ = {
			isa = XCBuildConfiguration;
			buildSettings = {
				ALWAYS_EMBED_SWIFT_STANDARD_LIBRARIES = YES;
				CODE_SIGN_STYLE = Automatic;
				DEVELOPMENT_TEAM = L658J8KRQ5;
				INFOPLIST_FILE = spriteKit_harumakiUITests/Info.plist;
				LD_RUNPATH_SEARCH_PATHS = "$(inherited) @executable_path/Frameworks @loader_path/Frameworks";
				PRODUCT_BUNDLE_IDENTIFIER = "nokonoko.spriteKit-harumakiUITests";
				PRODUCT_NAME = "$(TARGET_NAME)";
				SWIFT_VERSION = 4.0;
				TARGETED_DEVICE_FAMILY = "1,2";
				TEST_TARGET_NAME = spriteKit_harumaki;
			};
			name = Release;
		};
/* End XCBuildConfiguration section */

/* Begin XCConfigurationList section */
		615549681FB6AB2400614737 /* Build configuration list for PBXProject "spriteKit_harumaki" */ = {
			isa = XCConfigurationList;
			buildConfigurations = (
				615549931FB6AB2400614737 /* Debug */,
				615549941FB6AB2400614737 /* Release */,
			);
			defaultConfigurationIsVisible = 0;
			defaultConfigurationName = Release;
		};
		615549951FB6AB2400614737 /* Build configuration list for PBXNativeTarget "spriteKit_harumaki" */ = {
			isa = XCConfigurationList;
			buildConfigurations = (
				615549961FB6AB2400614737 /* Debug */,
				615549971FB6AB2400614737 /* Release */,
			);
			defaultConfigurationIsVisible = 0;
			defaultConfigurationName = Release;
		};
		615549981FB6AB2400614737 /* Build configuration list for PBXNativeTarget "spriteKit_harumakiTests" */ = {
			isa = XCConfigurationList;
			buildConfigurations = (
				615549991FB6AB2400614737 /* Debug */,
				6155499A1FB6AB2400614737 /* Release */,
			);
			defaultConfigurationIsVisible = 0;
			defaultConfigurationName = Release;
		};
		6155499B1FB6AB2400614737 /* Build configuration list for PBXNativeTarget "spriteKit_harumakiUITests" */ = {
			isa = XCConfigurationList;
			buildConfigurations = (
				6155499C1FB6AB2400614737 /* Debug */,
				6155499D1FB6AB2400614737 /* Release */,
			);
			defaultConfigurationIsVisible = 0;
			defaultConfigurationName = Release;
		};
/* End XCConfigurationList section */
	};
	rootObject = 615549651FB6AB2400614737 /* Project object */;
}
